{
  "lockfileVersion": 1,
  "configVersion": 1,
  "workspaces": {
    "": {
      "name": "archcontext",
      "dependencies": {
        "@archcontext/surfaces": "workspace:*",
        "@colbymchenry/codegraph": "1.4.0",
      },
      "devDependencies": {
        "@types/node": "^26.0.0",
        "bun-types": "^1.3.14",
        "typescript": "^7.0.2",
      },
    },
    "packages/cloud": {
      "name": "@archcontext/cloud",
      "version": "0.3.0",
      "dependencies": {
        "@archcontext/contracts": "workspace:*",
        "@archcontext/core": "workspace:*",
        "@archcontext/local-runtime": "workspace:*",
      },
    },
    "packages/contracts": {
      "name": "@archcontext/contracts",
      "version": "0.3.0",
    },
    "packages/core": {
      "name": "@archcontext/core",
      "version": "0.3.0",
      "dependencies": {
        "@archcontext/contracts": "workspace:*",
        "@node-rs/jieba": "^2.0.1",
      },
    },
    "packages/local-runtime": {
      "name": "@archcontext/local-runtime",
      "version": "0.3.0",
      "dependencies": {
        "@archcontext/contracts": "workspace:*",
        "@archcontext/core": "workspace:*",
        "@colbymchenry/codegraph": "1.4.0",
      },
    },
    "packages/surfaces": {
      "name": "@archcontext/surfaces",
      "version": "0.3.0",
      "bin": {
        "archctx": "./cli/src/main.ts",
      },
      "dependencies": {
        "@archcontext/cloud": "workspace:*",
        "@archcontext/contracts": "workspace:*",
        "@archcontext/core": "workspace:*",
        "@archcontext/local-runtime": "workspace:*",
      },
    },
  },
  "packages": {
    "@archcontext/cloud": ["@archcontext/cloud@workspace:packages/cloud"],

    "@archcontext/contracts": ["@archcontext/contracts@workspace:packages/contracts"],

    "@archcontext/core": ["@archcontext/core@workspace:packages/core"],

    "@archcontext/local-runtime": ["@archcontext/local-runtime@workspace:packages/local-runtime"],

    "@archcontext/surfaces": ["@archcontext/surfaces@workspace:packages/surfaces"],

    "@colbymchenry/codegraph": ["@colbymchenry/codegraph@1.4.0", "", { "optionalDependencies": { "@colbymchenry/codegraph-darwin-arm64": "1.4.0", "@colbymchenry/codegraph-darwin-x64": "1.4.0", "@colbymchenry/codegraph-linux-arm64": "1.4.0", "@colbymchenry/codegraph-linux-x64": "1.4.0", "@colbymchenry/codegraph-win32-arm64": "1.4.0", "@colbymchenry/codegraph-win32-x64": "1.4.0" }, "bin": { "codegraph": "npm-shim.js" } }, "sha512-TuiF8wHsweogJe1ANGHq/yKbwttkShBDFxcpUtTCvKuFlwPWcGghC2vru4QCqNA/T8AVqiBiV+ZxBV9dkZj8GA=="],

    "@colbymchenry/codegraph-darwin-arm64": ["@colbymchenry/codegraph-darwin-arm64@1.4.0", "", { "os": "darwin", "cpu": "arm64" }, "sha512-/QSI3vvQRyt/H+9NllFlFbL+NwVo7G0V/Z3vay9yMfuMTjjb2p16rlvdkQkFOsO9rpYj1UpAJYsD3lPBuDmVTw=="],

    "@colbymchenry/codegraph-darwin-x64": ["@colbymchenry/codegraph-darwin-x64@1.4.0", "", { "os": "darwin", "cpu": "x64" }, "sha512-OiFLBfelA7sOgNqdfVKWa5DZbpy1hApNf420+eOseVFqDxl7mcdPmZQsB8sNFjHnomc8W21YDFZyFu70eT7C2g=="],

    "@colbymchenry/codegraph-linux-arm64": ["@colbymchenry/codegraph-linux-arm64@1.4.0", "", { "os": "linux", "cpu": "arm64" }, "sha512-0g816KZeNP0cA0ueGoVmWeUWY2l9V4wjD/PfLda3E7++iA8MZFBqRIzTQsjv1FlTWFN52GcQaDG3pmG3aZtYqQ=="],

    "@colbymchenry/codegraph-linux-x64": ["@colbymchenry/codegraph-linux-x64@1.4.0", "", { "os": "linux", "cpu": "x64" }, "sha512-0E268exwhFx5gZRqxOiWB3tyiT9P853h6nLbMdSooayp2Elo4zBumtnVaeNWN1ma3USww9mkLHxHpkRzelPelw=="],

    "@colbymchenry/codegraph-win32-arm64": ["@colbymchenry/codegraph-win32-arm64@1.4.0", "", { "os": "win32", "cpu": "arm64" }, "sha512-Y6G70FVvhGi5Zl1PMzywqZ+NEZ4+WpJQoN/KXU44IeId7PV+UjgN9sei1iK1DTsKXMVXu0bSYcyCIufbjo32+w=="],

    "@colbymchenry/codegraph-win32-x64": ["@colbymchenry/codegraph-win32-x64@1.4.0", "", { "os": "win32", "cpu": "x64" }, "sha512-i+oGd0zCuXgsbvgfx89F3Fk+1pCoH2cZe+xQAzH0Icz7fyzhyggj9OZ08Og2FPRqf9xgyPe7jUzPBoZtuPGtPg=="],

    "@emnapi/core": ["@emnapi/core@1.11.1", "", { "dependencies": { "@emnapi/wasi-threads": "1.2.2", "tslib": "^2.4.0" } }, "sha512-RSvbQmHzdKzNsLYa/wHrbc3KN4sYLKAdPZxqiM2HATqv/SBk2/ENSHpvXGaLOMcsAyz0poEGqkmmKYG3OWiJEQ=="],

    "@emnapi/runtime": ["@emnapi/runtime@1.11.1", "", { "dependencies": { "tslib": "^2.4.0" } }, "sha512-vgj7R3y3Wgx24IQaGPA/R6YFXLHVMOZ0uVEyIQPaWs+rd1AzfEMXlAC22FYwO1XkKR6NPsq7mUandH8oIRdZFw=="],

    "@emnapi/wasi-threads": ["@emnapi/wasi-threads@1.2.2", "", { "dependencies": { "tslib": "^2.4.0" } }, "sha512-c95qOXkHdydNKhscBTebqEC1CVAZpyqOfVfBzQ1qgzyl3gfeldUjIggDbIZgDKsHLgnsM+igH7TJ/eAasaVuMA=="],

    "@napi-rs/wasm-runtime": ["@napi-rs/wasm-runtime@0.2.12", "", { "dependencies": { "@emnapi/core": "^1.4.3", "@emnapi/runtime": "^1.4.3", "@tybys/wasm-util": "^0.10.0" } }, "sha512-ZVWUcfwY4E/yPitQJl481FjFo3K22D6qF0DuFH6Y/nbnE11GY5uguDxZMGXPQ8WQ0128MXQD7TnfHyK4oWoIJQ=="],

    "@node-rs/jieba": ["@node-rs/jieba@2.0.1", "", { "optionalDependencies": { "@node-rs/jieba-android-arm-eabi": "2.0.1", "@node-rs/jieba-android-arm64": "2.0.1", "@node-rs/jieba-darwin-arm64": "2.0.1", "@node-rs/jieba-darwin-x64": "2.0.1", "@node-rs/jieba-freebsd-x64": "2.0.1", "@node-rs/jieba-linux-arm-gnueabihf": "2.0.1", "@node-rs/jieba-linux-arm64-gnu": "2.0.1", "@node-rs/jieba-linux-arm64-musl": "2.0.1", "@node-rs/jieba-linux-x64-gnu": "2.0.1", "@node-rs/jieba-linux-x64-musl": "2.0.1", "@node-rs/jieba-wasm32-wasi": "2.0.1", "@node-rs/jieba-win32-arm64-msvc": "2.0.1", "@node-rs/jieba-win32-ia32-msvc": "2.0.1", "@node-rs/jieba-win32-x64-msvc": "2.0.1" } }, "sha512-tnfzXOMqzVQF2dSKMhPC9HrHzzWmN6KheL/zYtGenhOpq/bCKHJWVASSggEnHlkmHgXGeIJHR2N/IuPzewz1BQ=="],

    "@node-rs/jieba-android-arm-eabi": ["@node-rs/jieba-android-arm-eabi@2.0.1", "", { "os": "android", "cpu": "arm" }, "sha512-tavsIaxybnlA9tRbJ+oc3NW3zhx0d5rNiCGdpIdGWjflwS7HyeUTVAZmAFDlg58Mc6EjTdVKZH+RolBbAJtgcQ=="],

    "@node-rs/jieba-android-arm64": ["@node-rs/jieba-android-arm64@2.0.1", "", { "os": "android", "cpu": "arm64" }, "sha512-AwdyqKvVNuSDnDq3anUfq+nJ5J/kzXjkfbr/1WY6TfaAlTNuuGVskuQv72/wIx/jn7NoXfm/UPuJrWYG16NC6w=="],

    "@node-rs/jieba-darwin-arm64": ["@node-rs/jieba-darwin-arm64@2.0.1", "", { "os": "darwin", "cpu": "arm64" }, "sha512-10+nwGQ6KzXXJlIL/sELA6Fi6m7eJ7xJksBiKuw1kxKUgaJwtVfAG0iqRF+NRQv0Sdq7r3k5ew9K9y0+IYaEcA=="],

    "@node-rs/jieba-darwin-x64": ["@node-rs/jieba-darwin-x64@2.0.1", "", { "os": "darwin", "cpu": "x64" }, "sha512-IJ5RK0X/uPQa1XRmTvwKSieya+w1IJeiKLw0EekoBFJKybXQdvo8/uqM/8z2eVJ8vQxW9X6K2vkVGFvYQa9dYA=="],

    "@node-rs/jieba-freebsd-x64": ["@node-rs/jieba-freebsd-x64@2.0.1", "", { "os": "freebsd", "cpu": "x64" }, "sha512-yg7vyhqzP2weJu5DJ3q9q4pb0b4GWWRwcv54zK7MSSA6KNJ/uQv2a4R9/qmptLU/fZv14gWuJBEMFdL7y1Dv2w=="],

    "@node-rs/jieba-linux-arm-gnueabihf": ["@node-rs/jieba-linux-arm-gnueabihf@2.0.1", "", { "os": "linux", "cpu": "arm" }, "sha512-fxQYunS7w2tv8XV9GigkWJPzHnbcw6tjrUdDu5/qU0FdQVEzGuEYG85DjlNf8lZTDGSUKHBVyAQs7bBIvq8yqg=="],

    "@node-rs/jieba-linux-arm64-gnu": ["@node-rs/jieba-linux-arm64-gnu@2.0.1", "", { "os": "linux", "cpu": "arm64" }, "sha512-VnLU630hQIyO/fwyxh2vqZi72mO+hXkVUC3jVLPfOAlppinmsGX9N81tpTPUK3840hbV8WLtbYTWN1XodI38eg=="],

    "@node-rs/jieba-linux-arm64-musl": ["@node-rs/jieba-linux-arm64-musl@2.0.1", "", { "os": "linux", "cpu": "arm64" }, "sha512-K4EDyNixSLVdTNYnHwD+7I/ytvzpo7tt+vdCLqwQViiek2PMpL/FFRvA39uU2tk99jXIxvkczdxARG20BRZppg=="],

    "@node-rs/jieba-linux-x64-gnu": ["@node-rs/jieba-linux-x64-gnu@2.0.1", "", { "os": "linux", "cpu": "x64" }, "sha512-sq3J6L2ANTE25I9eVFq/nb57OtXcvUIeUD1CTKJxwgTKIVmcB2LyOZpWf20AjHRUfbMER9Klqg5dgyyO+Six+w=="],

    "@node-rs/jieba-linux-x64-musl": ["@node-rs/jieba-linux-x64-musl@2.0.1", "", { "os": "linux", "cpu": "x64" }, "sha512-0zfP9Qy68yEXrhBFknfhF6WUJDPU/8eRuyIrkMGdMjfRpxhpSbr2fMfnsqhOQLvhuK4w3iDFvTy4t5d0s6JKMA=="],

    "@node-rs/jieba-wasm32-wasi": ["@node-rs/jieba-wasm32-wasi@2.0.1", "", { "dependencies": { "@napi-rs/wasm-runtime": "^0.2.5" }, "cpu": "none" }, "sha512-7I5rJya5rlQNJIhv8PvPzIVT1/gVc0vFzHmlfRGwCPGDJ3tHVxkSPW34dDx3OgDmbIeadNpmgIyC1RaS9djPJg=="],

    "@node-rs/jieba-win32-arm64-msvc": ["@node-rs/jieba-win32-arm64-msvc@2.0.1", "", { "os": "win32", "cpu": "arm64" }, "sha512-Aj/2EwYSaPgAbKnSl+vKM/2kOaZNMZWnShiZzbSNyzlLy3eIOyOYVLbYRDno4547KngRxer8uzROhIQIwXwkvw=="],

    "@node-rs/jieba-win32-ia32-msvc": ["@node-rs/jieba-win32-ia32-msvc@2.0.1", "", { "os": "win32", "cpu": "ia32" }, "sha512-tpJt3uuBlGrcOInQLTYvcgamQgfadl5cwExLYU+CX9rXKpXLDO31dIujUDBgNWoiQq3tOiU1/AKbT7ZdNd4lBQ=="],

    "@node-rs/jieba-win32-x64-msvc": ["@node-rs/jieba-win32-x64-msvc@2.0.1", "", { "os": "win32", "cpu": "x64" }, "sha512-LDOyo2/2CO8UnpSGLJdgqtH8mOnsABPhNxkfIky7UT9cyLEzOaU44nbA5YzPGpBI3qzMbWcwJYQsjBcgK2VqAg=="],

    "@tybys/wasm-util": ["@tybys/wasm-util@0.10.2", "", { "dependencies": { "tslib": "^2.4.0" } }, "sha512-RoBvJ2X0wuKlWFIjrwffGw1IqZHKQqzIchKaadZZfnNpsAYp2mM0h36JtPCjNDAHGgYez/15uMBpfGwchhiMgg=="],

    "@types/node": ["@types/node@26.0.0", "", { "dependencies": { "undici-types": "~8.3.0" } }, "sha512-vf2YFi1iY9lHGwNJMs01biZFbKJkrZR1T6/MlzjhJLPdntOHLhTrDSnSVcdtvjihi4VQNlrFRIxLsDBlQpAipA=="],

    "@typescript/typescript-aix-ppc64": ["@typescript/typescript-aix-ppc64@7.0.2", "", { "os": "aix", "cpu": "ppc64" }, "sha512-MTKKkWB7p/0E9xi1d1tHtZ5PiLkGEMIq88pK2CubZjOsLtYTLqhgIgi6zepFa+9GHZ6h05NMCkQxGKiPXMxXtQ=="],

    "@typescript/typescript-darwin-arm64": ["@typescript/typescript-darwin-arm64@7.0.2", "", { "os": "darwin", "cpu": "arm64" }, "sha512-gowzar9MwS/aRWp6f3a4KUqzRjAZjOsmGNCM6LcTgXum+dBfgsBVMN+AgvOCCbguXyick6LJhpBszxMebJ8syA=="],

    "@typescript/typescript-darwin-x64": ["@typescript/typescript-darwin-x64@7.0.2", "", { "os": "darwin", "cpu": "x64" }, "sha512-SZ9xZInqApNlNGc9s0W1VSsktYSOe9cFqNOIqmN1Gs8SmkjKZYFt017G4VwPxASInODuAdbTW7sXiFUf893RgA=="],

    "@typescript/typescript-freebsd-arm64": ["@typescript/typescript-freebsd-arm64@7.0.2", "", { "os": "freebsd", "cpu": "arm64" }, "sha512-W5NH4y/J0plIIS5b2xvTEkU7JFxyqdMAOgf+Ilhl0vHQXKO5dZoxd+C/jEtq56c4F3wk71RB4BMRQ2XdI+bwYQ=="],

    "@typescript/typescript-freebsd-x64": ["@typescript/typescript-freebsd-x64@7.0.2", "", { "os": "freebsd", "cpu": "x64" }, "sha512-UMGDx5sTpzNw3WiPebH7l90IWfJggEd+egHt/q6p7/Cm3zqoV7VxkGXt+3DxPIw8CcmvAB0j3sVVfbhX+M4Tpw=="],

    "@typescript/typescript-linux-arm": ["@typescript/typescript-linux-arm@7.0.2", "", { "os": "linux", "cpu": "arm" }, "sha512-gffT3xPz9sR7j/YJExkyPntrI0P2EP9XbOyWzth2/Gs0RstK+90RBcO0ncXoXy/beYll1SXw846Nf2zdnEz0QQ=="],

    "@typescript/typescript-linux-arm64": ["@typescript/typescript-linux-arm64@7.0.2", "", { "os": "linux", "cpu": "arm64" }, "sha512-Qh4eU4/y3yDjnfjjyPYihMj5/ODIlmt+Bzu17OI+fiSRDW57QmU5SiN63exPRNJPKUzcc1INa1NXdrJ+MqHjUQ=="],

    "@typescript/typescript-linux-loong64": ["@typescript/typescript-linux-loong64@7.0.2", "", { "os": "linux", "cpu": "none" }, "sha512-uEHck9i8hoAzXPiYRib1O7miOnz23SxIeVl6F4LXox+qov1K35jHcEW6VHKvZI+pyvl7fZEP4MCU5LYvIq1GuQ=="],

    "@typescript/typescript-linux-mips64el": ["@typescript/typescript-linux-mips64el@7.0.2", "", { "os": "linux", "cpu": "none" }, "sha512-R4KvAMnE43W5Qeqb0Ly56O3mWMWIAgsMyz36DCaycd5nbg/9kzm0liw3JocfRqyJY0KPmzFjbswozXyW0DnIYA=="],

    "@typescript/typescript-linux-ppc64": ["@typescript/typescript-linux-ppc64@7.0.2", "", { "os": "linux", "cpu": "ppc64" }, "sha512-DORx5b3sd/4S7eayxm4FQv+A7CrkUIGRaHiwI8oiHTAI1fAPWhF4J0vAlkC8biAlHSVVwxMQ3tjZ2/DVbnQiiA=="],

    "@typescript/typescript-linux-riscv64": ["@typescript/typescript-linux-riscv64@7.0.2", "", { "os": "linux", "cpu": "none" }, "sha512-wf0jqEDOjrPRnKwYRyyJDRo11KMbvMFrU+q4zqKyChODBzvlkbhNQfKvLxQCcwTpdDaXSHZTVuh0JoCrKCUMHQ=="],

    "@typescript/typescript-linux-s390x": ["@typescript/typescript-linux-s390x@7.0.2", "", { "os": "linux", "cpu": "s390x" }, "sha512-IkwJc3L7yhytWd/ewjyxNDfOmswCm9GWMJT/ue/dU4aZNbwZeYAetq42VyLmsmSjvoX7z74X6ZaYCtzAr0EuGw=="],

    "@typescript/typescript-linux-x64": ["@typescript/typescript-linux-x64@7.0.2", "", { "os": "linux", "cpu": "x64" }, "sha512-EYdf2cNg7rgCWJnxCdJ+F3V39O8ihb37eHAu1LK8oAFizgTQbPOK7zHHXbPt8rX24COqODXeI3sIf0fCXG7H/A=="],

    "@typescript/typescript-netbsd-arm64": ["@typescript/typescript-netbsd-arm64@7.0.2", "", { "os": "none", "cpu": "arm64" }, "sha512-+polYF4MF04aPpO5FTkHran9yUQDSXqy5GiSDKpsll5jy3l3+g9QLhpf39T+ePtefhXLOGrLl0QIjkQP6VnelA=="],

    "@typescript/typescript-netbsd-x64": ["@typescript/typescript-netbsd-x64@7.0.2", "", { "os": "none", "cpu": "x64" }, "sha512-8YIT0EHM/3dq10ZOVF/A7pc/YSMtbcecct4rWtexrnSCHOPcpC2KTLXfTCR6vDpnSiY12heNb1GiN/wu+T/FyA=="],

    "@typescript/typescript-openbsd-arm64": ["@typescript/typescript-openbsd-arm64@7.0.2", "", { "os": "openbsd", "cpu": "arm64" }, "sha512-APT8+ClYnuYm1u9+kgGXoMj2VzWzcymwh2gNSQVySHfkRDGOTVkoWLjCmOQSaO+PoqQ57B0flRp9SA+7GnnkzQ=="],

    "@typescript/typescript-openbsd-x64": ["@typescript/typescript-openbsd-x64@7.0.2", "", { "os": "openbsd", "cpu": "x64" }, "sha512-yX7s+Q0Dln0Dt9tEzZsAjXXR/+ytBM7AlglaqyeMPxQszJ1JhlJdZ6jLA+IzldHtflX81em7lDao1xXu+aRRkg=="],

    "@typescript/typescript-sunos-x64": ["@typescript/typescript-sunos-x64@7.0.2", "", { "os": "sunos", "cpu": "x64" }, "sha512-dLJDGaLZ1D4HPQn62u1n8mBDkJREwMsAkCdkwd4Ieqw+x3TUyTsqY0YiBCtE6H6OzzgGk3iuZ3vFWRS+E8/d1g=="],

    "@typescript/typescript-win32-arm64": ["@typescript/typescript-win32-arm64@7.0.2", "", { "os": "win32", "cpu": "arm64" }, "sha512-Gyl1Vy6OsWesLzmq+EP0Fb7b4Nid5232AvcA2SFcdYreldpNtYFFofPjnt62y9hQy7VTaZp65ICJjuAQRaVcIQ=="],

    "@typescript/typescript-win32-x64": ["@typescript/typescript-win32-x64@7.0.2", "", { "os": "win32", "cpu": "x64" }, "sha512-0BQ3HkAHHlKLSp1qRvf3SUhGpGsDuhB/jgFw75guyqbxJqEaS0Cw/VFO8i2nHglJUzQCRtMMR/IBAKE3ETMC4g=="],

    "bun-types": ["bun-types@1.3.14", "", { "dependencies": { "@types/node": "*" } }, "sha512-4N0ig0fEomHt5R0KCFWjovxow98rIoRwKolrYdCcknNwMekCXRnWEUvgu5soYV8QXtVsrUD8B95MBOZGPvr6KQ=="],

    "tslib": ["tslib@2.8.1", "", {}, "sha512-oJFu94HQb+KVduSUQL7wnpmqnfmLsOA/nAh6b6EH0wCEoK0/mPeXU6c3wKDV83MkOuHPRHtSXKKU99IBazS/2w=="],

    "typescript": ["typescript@7.0.2", "", { "optionalDependencies": { "@typescript/typescript-aix-ppc64": "7.0.2", "@typescript/typescript-darwin-arm64": "7.0.2", "@typescript/typescript-darwin-x64": "7.0.2", "@typescript/typescript-freebsd-arm64": "7.0.2", "@typescript/typescript-freebsd-x64": "7.0.2", "@typescript/typescript-linux-arm": "7.0.2", "@typescript/typescript-linux-arm64": "7.0.2", "@typescript/typescript-linux-loong64": "7.0.2", "@typescript/typescript-linux-mips64el": "7.0.2", "@typescript/typescript-linux-ppc64": "7.0.2", "@typescript/typescript-linux-riscv64": "7.0.2", "@typescript/typescript-linux-s390x": "7.0.2", "@typescript/typescript-linux-x64": "7.0.2", "@typescript/typescript-netbsd-arm64": "7.0.2", "@typescript/typescript-netbsd-x64": "7.0.2", "@typescript/typescript-openbsd-arm64": "7.0.2", "@typescript/typescript-openbsd-x64": "7.0.2", "@typescript/typescript-sunos-x64": "7.0.2", "@typescript/typescript-win32-arm64": "7.0.2", "@typescript/typescript-win32-x64": "7.0.2" }, "bin": { "tsc": "bin/tsc" } }, "sha512-8FYau96o3NKOhbjKi/qNvG/W5jhzxkbdm5sj9AbZ/5T5sWqn3hJgLfGx27sRKZWTvyzCP8dLRBTf5tBTSRVUNA=="],

    "undici-types": ["undici-types@8.3.0", "", {}, "sha512-j375ScV60dom+YkPFIfTLcOiPxkN/buHz5GobjLhixFuANaNs3C9l4GmrWqejgXWJ7BbJcFYpTEUkS1Ge8bpZQ=="],
  }
}
